
Microsoft Visual Studio Solution File, Format Version 12.00
# Visual Studio Version 16
VisualStudioVersion = 16.0.29709.97
MinimumVisualStudioVersion = 10.0.40219.1
Project("{888888A0-9F3D-457C-B088-3A5042F75D52}") = "gui", "gui.pyproj", "{EC41EE56-0248-4496-A3ED-F9C6FF042D65}"
EndProject
Global
	GlobalSection(SolutionConfigurationPlatforms) = preSolution
		Debug|Any CPU = Debug|Any CPU
		Release|Any CPU = Release|Any CPU
	EndGlobalSection
	GlobalSection(ProjectConfigurationPlatforms) = postSolution
		{EC41EE56-0248-4496-A3ED-F9C6FF042D65}.Debug|Any CPU.ActiveCfg = Debug|Any CPU
		{EC41EE56-0248-4496-A3ED-F9C6FF042D65}.Release|Any CPU.ActiveCfg = Release|Any CPU
	EndGlobalSection
	GlobalSection(SolutionProperties) = preSolution
		HideSolutionNode = FALSE
	EndGlobalSection
	GlobalSection(ExtensibilityGlobals) = postSolution
		SolutionGuid = {5C34D288-9190-489D-8AF8-83B006CB93EF}
	EndGlobalSection
EndGlobal
